{
  "name": "intents",
  "lockfileVersion": 3,
  "requires": true,
  "packages": {
    "": {
      "dependencies": {
        "@yandex/ymaps3-clusterer": "^0.0.9"
      },
      "devDependencies": {
        "@yandex/ymaps3-types": "^0.0.27"
      }
    },
    "node_modules/@yandex/ymaps3-clusterer": {
      "version": "0.0.9",
      "resolved": "https://registry.npmjs.org/@yandex/ymaps3-clusterer/-/ymaps3-clusterer-0.0.9.tgz",
      "integrity": "sha512-MFcmZSI75bCm/yuzVWTaoa/yTX2O4WiKeZVRxHkspx2odP4R5qfaKFzmHmb7uSyt0kDvTiDgxb1OFhOIP9jmww=="
    },
    "node_modules/@yandex/ymaps3-types": {
      "version": "0.0.27",
      "resolved": "https://registry.npmjs.org/@yandex/ymaps3-types/-/ymaps3-types-0.0.27.tgz",
      "integrity": "sha512-aQ2FNLXekN810mwfY7vfP8jh9pNu2AZA7N/W0T2ziSdaooWPvUFY+QWE7+PhXbJU5L8E4LKk5jW61m56rs9AJg==",
      "dev": true,
      "peerDependencies": {
        "@types/react": "16-18",
        "@types/react-dom": "16-18",
        "@vue/runtime-core": "3"
      },
      "peerDependenciesMeta": {
        "@types/react": {
          "optional": true
        },
        "@types/react-dom": {
          "optional": true
        },
        "@vue/runtime-core": {
          "optional": true
        }
      }
    }
  }
}
